
Microsoft Visual Studio Solution File, Format Version 12.00
# Visual Studio Version 17
VisualStudioVersion = 17.2.32602.215
MinimumVisualStudioVersion = 10.0.40219.1
Project("{FAE04EC0-301F-11D3-BF4B-00C04F79EFBC}") = "Primera_Interfaz", "Primera_Interfaz\Primera_Interfaz.csproj", "{8A027609-B07B-468F-8115-737AF000F3AD}"
EndProject
Global
	GlobalSection(SolutionConfigurationPlatforms) = preSolution
		Debug|Any CPU = Debug|Any CPU
		Release|Any CPU = Release|Any CPU
	EndGlobalSection
	GlobalSection(ProjectConfigurationPlatforms) = postSolution
		{8A027609-B07B-468F-8115-737AF000F3AD}.Debug|Any CPU.ActiveCfg = Debug|Any CPU
		{8A027609-B07B-468F-8115-737AF000F3AD}.Debug|Any CPU.Build.0 = Debug|Any CPU
		{8A027609-B07B-468F-8115-737AF000F3AD}.Release|Any CPU.ActiveCfg = Release|Any CPU
		{8A027609-B07B-468F-8115-737AF000F3AD}.Release|Any CPU.Build.0 = Release|Any CPU
	EndGlobalSection
	GlobalSection(SolutionProperties) = preSolution
		HideSolutionNode = FALSE
	EndGlobalSection
	GlobalSection(ExtensibilityGlobals) = postSolution
		SolutionGuid = {7D13D32D-C8E0-4D81-AB77-4D3F4C68BBFF}
	EndGlobalSection
EndGlobal
